// !$*UTF8*$!
{
	archiveVersion = 1;
	classes = {
	};
	objectVersion = 50;
	objects = {

/* Begin PBXBuildFile section */
		A85EF8D7237F5A17007BC0F8 /* ConfirmLocationVC.swift in Sources */ = {isa = PBXBuildFile; fileRef = A85EF8D6237F5A17007BC0F8 /* ConfirmLocationVC.swift */; };
		A87D7E25237DDBDB00AF76A8 /* StudentsLocations.swift in Sources */ = {isa = PBXBuildFile; fileRef = A87D7E24237DDBDA00AF76A8 /* StudentsLocations.swift */; };
		A87D7E27237DDD8900AF76A8 /* LocationListVC.swift in Sources */ = {isa = PBXBuildFile; fileRef = A87D7E26237DDD8900AF76A8 /* LocationListVC.swift */; };
		A87D7E29237E021600AF76A8 /* UIViewController extensions+delegates.swift in Sources */ = {isa = PBXBuildFile; fileRef = A87D7E28237E021600AF76A8 /* UIViewController extensions+delegates.swift */; };
		A8A14879237B4857003BF294 /* AppDelegate.swift in Sources */ = {isa = PBXBuildFile; fileRef = A8A14878237B4857003BF294 /* AppDelegate.swift */; };
		A8A1487B237B4857003BF294 /* SceneDelegate.swift in Sources */ = {isa = PBXBuildFile; fileRef = A8A1487A237B4857003BF294 /* SceneDelegate.swift */; };
		A8A1487D237B4857003BF294 /* LoginVC.swift in Sources */ = {isa = PBXBuildFile; fileRef = A8A1487C237B4857003BF294 /* LoginVC.swift */; };
		A8A14880237B4857003BF294 /* Main.storyboard in Resources */ = {isa = PBXBuildFile; fileRef = A8A1487E237B4857003BF294 /* Main.storyboard */; };
		A8A14882237B485B003BF294 /* Assets.xcassets in Resources */ = {isa = PBXBuildFile; fileRef = A8A14881237B485B003BF294 /* Assets.xcassets */; };
		A8A14885237B485B003BF294 /* LaunchScreen.storyboard in Resources */ = {isa = PBXBuildFile; fileRef = A8A14883237B485B003BF294 /* LaunchScreen.storyboard */; };
		A8A14894237B4A63003BF294 /* StudentLocation.swift in Sources */ = {isa = PBXBuildFile; fileRef = A8A14893237B4A63003BF294 /* StudentLocation.swift */; };
		A8A14896237B4A95003BF294 /* PublicUserData.swift in Sources */ = {isa = PBXBuildFile; fileRef = A8A14895237B4A95003BF294 /* PublicUserData.swift */; };
		A8A14898237B4ACD003BF294 /* PostStudentLocation.swift in Sources */ = {isa = PBXBuildFile; fileRef = A8A14897237B4ACD003BF294 /* PostStudentLocation.swift */; };
		A8A1489A237B4AF2003BF294 /* PutStudentLocation.swift in Sources */ = {isa = PBXBuildFile; fileRef = A8A14899237B4AF2003BF294 /* PutStudentLocation.swift */; };
		A8A1489C237B4B18003BF294 /* PostSession.swift in Sources */ = {isa = PBXBuildFile; fileRef = A8A1489B237B4B18003BF294 /* PostSession.swift */; };
		A8A1489E237B4B3F003BF294 /* OTMClient.swift in Sources */ = {isa = PBXBuildFile; fileRef = A8A1489D237B4B3F003BF294 /* OTMClient.swift */; };
		A8B6B2CD237B5646006E1CF5 /* MapVC.swift in Sources */ = {isa = PBXBuildFile; fileRef = A8B6B2CC237B5646006E1CF5 /* MapVC.swift */; };
		A8B6B2CF237B9C84006E1CF5 /* AddLocationVC.swift in Sources */ = {isa = PBXBuildFile; fileRef = A8B6B2CE237B9C84006E1CF5 /* AddLocationVC.swift */; };
/* End PBXBuildFile section */

/* Begin PBXFileReference section */
		A85EF8D6237F5A17007BC0F8 /* ConfirmLocationVC.swift */ = {isa = PBXFileReference; lastKnownFileType = sourcecode.swift; path = ConfirmLocationVC.swift; sourceTree = "<group>"; };
		A87D7E24237DDBDA00AF76A8 /* StudentsLocations.swift */ = {isa = PBXFileReference; lastKnownFileType = sourcecode.swift; path = StudentsLocations.swift; sourceTree = "<group>"; };
		A87D7E26237DDD8900AF76A8 /* LocationListVC.swift */ = {isa = PBXFileReference; lastKnownFileType = sourcecode.swift; path = LocationListVC.swift; sourceTree = "<group>"; };
		A87D7E28237E021600AF76A8 /* UIViewController extensions+delegates.swift */ = {isa = PBXFileReference; lastKnownFileType = sourcecode.swift; path = "UIViewController extensions+delegates.swift"; sourceTree = "<group>"; };
		A8A14875237B4857003BF294 /* OnTheMap.app */ = {isa = PBXFileReference; explicitFileType = wrapper.application; includeInIndex = 0; path = OnTheMap.app; sourceTree = BUILT_PRODUCTS_DIR; };
		A8A14878237B4857003BF294 /* AppDelegate.swift */ = {isa = PBXFileReference; lastKnownFileType = sourcecode.swift; path = AppDelegate.swift; sourceTree = "<group>"; };
		A8A1487A237B4857003BF294 /* SceneDelegate.swift */ = {isa = PBXFileReference; lastKnownFileType = sourcecode.swift; path = SceneDelegate.swift; sourceTree = "<group>"; };
		A8A1487C237B4857003BF294 /* LoginVC.swift */ = {isa = PBXFileReference; lastKnownFileType = sourcecode.swift; path = LoginVC.swift; sourceTree = "<group>"; };
		A8A1487F237B4857003BF294 /* Base */ = {isa = PBXFileReference; lastKnownFileType = file.storyboard; name = Base; path = Base.lproj/Main.storyboard; sourceTree = "<group>"; };
		A8A14881237B485B003BF294 /* Assets.xcassets */ = {isa = PBXFileReference; lastKnownFileType = folder.assetcatalog; path = Assets.xcassets; sourceTree = "<group>"; };
		A8A14884237B485B003BF294 /* Base */ = {isa = PBXFileReference; lastKnownFileType = file.storyboard; name = Base; path = Base.lproj/LaunchScreen.storyboard; sourceTree = "<group>"; };
		A8A14886237B485B003BF294 /* Info.plist */ = {isa = PBXFileReference; lastKnownFileType = text.plist.xml; path = Info.plist; sourceTree = "<group>"; };
		A8A14893237B4A63003BF294 /* StudentLocation.swift */ = {isa = PBXFileReference; lastKnownFileType = sourcecode.swift; path = StudentLocation.swift; sourceTree = "<group>"; };
		A8A14895237B4A95003BF294 /* PublicUserData.swift */ = {isa = PBXFileReference; lastKnownFileType = sourcecode.swift; path = PublicUserData.swift; sourceTree = "<group>"; };
		A8A14897237B4ACD003BF294 /* PostStudentLocation.swift */ = {isa = PBXFileReference; lastKnownFileType = sourcecode.swift; path = PostStudentLocation.swift; sourceTree = "<group>"; };
		A8A14899237B4AF2003BF294 /* PutStudentLocation.swift */ = {isa = PBXFileReference; lastKnownFileType = sourcecode.swift; path = PutStudentLocation.swift; sourceTree = "<group>"; };
		A8A1489B237B4B18003BF294 /* PostSession.swift */ = {isa = PBXFileReference; lastKnownFileType = sourcecode.swift; path = PostSession.swift; sourceTree = "<group>"; };
		A8A1489D237B4B3F003BF294 /* OTMClient.swift */ = {isa = PBXFileReference; lastKnownFileType = sourcecode.swift; path = OTMClient.swift; sourceTree = "<group>"; };
		A8B6B2CC237B5646006E1CF5 /* MapVC.swift */ = {isa = PBXFileReference; lastKnownFileType = sourcecode.swift; path = MapVC.swift; sourceTree = "<group>"; };
		A8B6B2CE237B9C84006E1CF5 /* AddLocationVC.swift */ = {isa = PBXFileReference; lastKnownFileType = sourcecode.swift; path = AddLocationVC.swift; sourceTree = "<group>"; };
/* End PBXFileReference section */

/* Begin PBXFrameworksBuildPhase section */
		A8A14872237B4857003BF294 /* Frameworks */ = {
			isa = PBXFrameworksBuildPhase;
			buildActionMask = 2147483647;
			files = (
			);
			runOnlyForDeploymentPostprocessing = 0;
		};
/* End PBXFrameworksBuildPhase section */

/* Begin PBXGroup section */
		A8A1486C237B4857003BF294 = {
			isa = PBXGroup;
			children = (
				A8A14877237B4857003BF294 /* OnTheMap */,
				A8A14876237B4857003BF294 /* Products */,
			);
			sourceTree = "<group>";
		};
		A8A14876237B4857003BF294 /* Products */ = {
			isa = PBXGroup;
			children = (
				A8A14875237B4857003BF294 /* OnTheMap.app */,
			);
			name = Products;
			sourceTree = "<group>";
		};
		A8A14877237B4857003BF294 /* OnTheMap */ = {
			isa = PBXGroup;
			children = (
				A8A1488C237B4984003BF294 /* Model */,
				A8A14890237B4A03003BF294 /* Controllers */,
				A8A1488F237B49B2003BF294 /* Views */,
				A8A14891237B4A23003BF294 /* Support */,
			);
			path = OnTheMap;
			sourceTree = "<group>";
		};
		A8A1488C237B4984003BF294 /* Model */ = {
			isa = PBXGroup;
			children = (
				A8A1488E237B499E003BF294 /* Network */,
				A8A1488D237B498D003BF294 /* Data */,
			);
			path = Model;
			sourceTree = "<group>";
		};
		A8A1488D237B498D003BF294 /* Data */ = {
			isa = PBXGroup;
			children = (
				A8A14893237B4A63003BF294 /* StudentLocation.swift */,
				A8A14895237B4A95003BF294 /* PublicUserData.swift */,
				A8A14897237B4ACD003BF294 /* PostStudentLocation.swift */,
				A8A14899237B4AF2003BF294 /* PutStudentLocation.swift */,
				A8A1489B237B4B18003BF294 /* PostSession.swift */,
				A87D7E24237DDBDA00AF76A8 /* StudentsLocations.swift */,
			);
			path = Data;
			sourceTree = "<group>";
		};
		A8A1488E237B499E003BF294 /* Network */ = {
			isa = PBXGroup;
			children = (
				A8A1489D237B4B3F003BF294 /* OTMClient.swift */,
			);
			path = Network;
			sourceTree = "<group>";
		};
		A8A1488F237B49B2003BF294 /* Views */ = {
			isa = PBXGroup;
			children = (
				A8A1487E237B4857003BF294 /* Main.storyboard */,
			);
			path = Views;
			sourceTree = "<group>";
		};
		A8A14890237B4A03003BF294 /* Controllers */ = {
			isa = PBXGroup;
			children = (
				A8A1487C237B4857003BF294 /* LoginVC.swift */,
				A8B6B2CC237B5646006E1CF5 /* MapVC.swift */,
				A87D7E26237DDD8900AF76A8 /* LocationListVC.swift */,
				A8B6B2CE237B9C84006E1CF5 /* AddLocationVC.swift */,
				A85EF8D6237F5A17007BC0F8 /* ConfirmLocationVC.swift */,
				A87D7E28237E021600AF76A8 /* UIViewController extensions+delegates.swift */,
			);
			path = Controllers;
			sourceTree = "<group>";
		};
		A8A14891237B4A23003BF294 /* Support */ = {
			isa = PBXGroup;
			children = (
				A8A14878237B4857003BF294 /* AppDelegate.swift */,
				A8A1487A237B4857003BF294 /* SceneDelegate.swift */,
				A8A14881237B485B003BF294 /* Assets.xcassets */,
				A8A14883237B485B003BF294 /* LaunchScreen.storyboard */,
				A8A14886237B485B003BF294 /* Info.plist */,
			);
			path = Support;
			sourceTree = "<group>";
		};
/* End PBXGroup section */

/* Begin PBXNativeTarget section */
		A8A14874237B4857003BF294 /* OnTheMap */ = {
			isa = PBXNativeTarget;
			buildConfigurationList = A8A14889237B485B003BF294 /* Build configuration list for PBXNativeTarget "OnTheMap" */;
			buildPhases = (
				A8A14871237B4857003BF294 /* Sources */,
				A8A14872237B4857003BF294 /* Frameworks */,
				A8A14873237B4857003BF294 /* Resources */,
			);
			buildRules = (
			);
			dependencies = (
			);
			name = OnTheMap;
			productName = "On The Map";
			productReference = A8A14875237B4857003BF294 /* OnTheMap.app */;
			productType = "com.apple.product-type.application";
		};
/* End PBXNativeTarget section */

/* Begin PBXProject section */
		A8A1486D237B4857003BF294 /* Project object */ = {
			isa = PBXProject;
			attributes = {
				LastSwiftUpdateCheck = 1120;
				LastUpgradeCheck = 1120;
				ORGANIZATIONNAME = udacity;
				TargetAttributes = {
					A8A14874237B4857003BF294 = {
						CreatedOnToolsVersion = 11.2;
					};
				};
			};
			buildConfigurationList = A8A14870237B4857003BF294 /* Build configuration list for PBXProject "OnTheMap" */;
			compatibilityVersion = "Xcode 9.3";
			developmentRegion = en;
			hasScannedForEncodings = 0;
			knownRegions = (
				en,
				Base,
			);
			mainGroup = A8A1486C237B4857003BF294;
			productRefGroup = A8A14876237B4857003BF294 /* Products */;
			projectDirPath = "";
			projectRoot = "";
			targets = (
				A8A14874237B4857003BF294 /* OnTheMap */,
			);
		};
/* End PBXProject section */

/* Begin PBXResourcesBuildPhase section */
		A8A14873237B4857003BF294 /* Resources */ = {
			isa = PBXResourcesBuildPhase;
			buildActionMask = 2147483647;
			files = (
				A8A14885237B485B003BF294 /* LaunchScreen.storyboard in Resources */,
				A8A14882237B485B003BF294 /* Assets.xcassets in Resources */,
				A8A14880237B4857003BF294 /* Main.storyboard in Resources */,
			);
			runOnlyForDeploymentPostprocessing = 0;
		};
/* End PBXResourcesBuildPhase section */

/* Begin PBXSourcesBuildPhase section */
		A8A14871237B4857003BF294 /* Sources */ = {
			isa = PBXSourcesBuildPhase;
			buildActionMask = 2147483647;
			files = (
				A8A14896237B4A95003BF294 /* PublicUserData.swift in Sources */,
				A8A1489E237B4B3F003BF294 /* OTMClient.swift in Sources */,
				A8A14894237B4A63003BF294 /* StudentLocation.swift in Sources */,
				A8B6B2CF237B9C84006E1CF5 /* AddLocationVC.swift in Sources */,
				A8A1489A237B4AF2003BF294 /* PutStudentLocation.swift in Sources */,
				A8A14898237B4ACD003BF294 /* PostStudentLocation.swift in Sources */,
				A8B6B2CD237B5646006E1CF5 /* MapVC.swift in Sources */,
				A85EF8D7237F5A17007BC0F8 /* ConfirmLocationVC.swift in Sources */,
				A8A1487D237B4857003BF294 /* LoginVC.swift in Sources */,
				A87D7E25237DDBDB00AF76A8 /* StudentsLocations.swift in Sources */,
				A8A14879237B4857003BF294 /* AppDelegate.swift in Sources */,
				A87D7E29237E021600AF76A8 /* UIViewController extensions+delegates.swift in Sources */,
				A8A1489C237B4B18003BF294 /* PostSession.swift in Sources */,
				A87D7E27237DDD8900AF76A8 /* LocationListVC.swift in Sources */,
				A8A1487B237B4857003BF294 /* SceneDelegate.swift in Sources */,
			);
			runOnlyForDeploymentPostprocessing = 0;
		};
/* End PBXSourcesBuildPhase section */

/* Begin PBXVariantGroup section */
		A8A1487E237B4857003BF294 /* Main.storyboard */ = {
			isa = PBXVariantGroup;
			children = (
				A8A1487F237B4857003BF294 /* Base */,
			);
			name = Main.storyboard;
			sourceTree = "<group>";
		};
		A8A14883237B485B003BF294 /* LaunchScreen.storyboard */ = {
			isa = PBXVariantGroup;
			children = (
				A8A14884237B485B003BF294 /* Base */,
			);
			name = LaunchScreen.storyboard;
			sourceTree = "<group>";
		};
/* End PBXVariantGroup section */

/* Begin XCBuildConfiguration section */
		A8A14887237B485B003BF294 /* Debug */ = {
			isa = XCBuildConfiguration;
			buildSettings = {
				ALWAYS_SEARCH_USER_PATHS = NO;
				CLANG_ANALYZER_NONNULL = YES;
				CLANG_ANALYZER_NUMBER_OBJECT_CONVERSION = YES_AGGRESSIVE;
				CLANG_CXX_LANGUAGE_STANDARD = "gnu++14";
				CLANG_CXX_LIBRARY = "libc++";
				CLANG_ENABLE_MODULES = YES;
				CLANG_ENABLE_OBJC_ARC = YES;
				CLANG_ENABLE_OBJC_WEAK = YES;
				CLANG_WARN_BLOCK_CAPTURE_AUTORELEASING = YES;
				CLANG_WARN_BOOL_CONVERSION = YES;
				CLANG_WARN_COMMA = YES;
				CLANG_WARN_CONSTANT_CONVERSION = YES;
				CLANG_WARN_DEPRECATED_OBJC_IMPLEMENTATIONS = YES;
				CLANG_WARN_DIRECT_OBJC_ISA_USAGE = YES_ERROR;
				CLANG_WARN_DOCUMENTATION_COMMENTS = YES;
				CLANG_WARN_EMPTY_BODY = YES;
				CLANG_WARN_ENUM_CONVERSION = YES;
				CLANG_WARN_INFINITE_RECURSION = YES;
				CLANG_WARN_INT_CONVERSION = YES;
				CLANG_WARN_NON_LITERAL_NULL_CONVERSION = YES;
				CLANG_WARN_OBJC_IMPLICIT_RETAIN_SELF = YES;
				CLANG_WARN_OBJC_LITERAL_CONVERSION = YES;
				CLANG_WARN_OBJC_ROOT_CLASS = YES_ERROR;
				CLANG_WARN_RANGE_LOOP_ANALYSIS = YES;
				CLANG_WARN_STRICT_PROTOTYPES = YES;
				CLANG_WARN_SUSPICIOUS_MOVE = YES;
				CLANG_WARN_UNGUARDED_AVAILABILITY = YES_AGGRESSIVE;
				CLANG_WARN_UNREACHABLE_CODE = YES;
				CLANG_WARN__DUPLICATE_METHOD_MATCH = YES;
				COPY_PHASE_STRIP = NO;
				DEBUG_INFORMATION_FORMAT = dwarf;
				ENABLE_STRICT_OBJC_MSGSEND = YES;
				ENABLE_TESTABILITY = YES;
				GCC_C_LANGUAGE_STANDARD = gnu11;
				GCC_DYNAMIC_NO_PIC = NO;
				GCC_NO_COMMON_BLOCKS = YES;
				GCC_OPTIMIZATION_LEVEL = 0;
				GCC_PREPROCESSOR_DEFINITIONS = (
					"DEBUG=1",
					"$(inherited)",
				);
				GCC_WARN_64_TO_32_BIT_CONVERSION = YES;
				GCC_WARN_ABOUT_RETURN_TYPE = YES_ERROR;
				GCC_WARN_UNDECLARED_SELECTOR = YES;
				GCC_WARN_UNINITIALIZED_AUTOS = YES_AGGRESSIVE;
				GCC_WARN_UNUSED_FUNCTION = YES;
				GCC_WARN_UNUSED_VARIABLE = YES;
				IPHONEOS_DEPLOYMENT_TARGET = 13.2;
				MTL_ENABLE_DEBUG_INFO = INCLUDE_SOURCE;
				MTL_FAST_MATH = YES;
				ONLY_ACTIVE_ARCH = YES;
				SDKROOT = iphoneos;
				SWIFT_ACTIVE_COMPILATION_CONDITIONS = DEBUG;
				SWIFT_OPTIMIZATION_LEVEL = "-Onone";
			};
			name = Debug;
		};
		A8A14888237B485B003BF294 /* Release */ = {
			isa = XCBuildConfiguration;
			buildSettings = {
				ALWAYS_SEARCH_USER_PATHS = NO;
				CLANG_ANALYZER_NONNULL = YES;
				CLANG_ANALYZER_NUMBER_OBJECT_CONVERSION = YES_AGGRESSIVE;
				CLANG_CXX_LANGUAGE_STANDARD = "gnu++14";
				CLANG_CXX_LIBRARY = "libc++";
				CLANG_ENABLE_MODULES = YES;
				CLANG_ENABLE_OBJC_ARC = YES;
				CLANG_ENABLE_OBJC_WEAK = YES;
				CLANG_WARN_BLOCK_CAPTURE_AUTORELEASING = YES;
				CLANG_WARN_BOOL_CONVERSION = YES;
				CLANG_WARN_COMMA = YES;
				CLANG_WARN_CONSTANT_CONVERSION = YES;
				CLANG_WARN_DEPRECATED_OBJC_IMPLEMENTATIONS = YES;
				CLANG_WARN_DIRECT_OBJC_ISA_USAGE = YES_ERROR;
				CLANG_WARN_DOCUMENTATION_COMMENTS = YES;
				CLANG_WARN_EMPTY_BODY = YES;
				CLANG_WARN_ENUM_CONVERSION = YES;
				CLANG_WARN_INFINITE_RECURSION = YES;
				CLANG_WARN_INT_CONVERSION = YES;
				CLANG_WARN_NON_LITERAL_NULL_CONVERSION = YES;
				CLANG_WARN_OBJC_IMPLICIT_RETAIN_SELF = YES;
				CLANG_WARN_OBJC_LITERAL_CONVERSION = YES;
				CLANG_WARN_OBJC_ROOT_CLASS = YES_ERROR;
				CLANG_WARN_RANGE_LOOP_ANALYSIS = YES;
				CLANG_WARN_STRICT_PROTOTYPES = YES;
				CLANG_WARN_SUSPICIOUS_MOVE = YES;
				CLANG_WARN_UNGUARDED_AVAILABILITY = YES_AGGRESSIVE;
				CLANG_WARN_UNREACHABLE_CODE = YES;
				CLANG_WARN__DUPLICATE_METHOD_MATCH = YES;
				COPY_PHASE_STRIP = NO;
				DEBUG_INFORMATION_FORMAT = "dwarf-with-dsym";
				ENABLE_NS_ASSERTIONS = NO;
				ENABLE_STRICT_OBJC_MSGSEND = YES;
				GCC_C_LANGUAGE_STANDARD = gnu11;
				GCC_NO_COMMON_BLOCKS = YES;
				GCC_WARN_64_TO_32_BIT_CONVERSION = YES;
				GCC_WARN_ABOUT_RETURN_TYPE = YES_ERROR;
				GCC_WARN_UNDECLARED_SELECTOR = YES;
				GCC_WARN_UNINITIALIZED_AUTOS = YES_AGGRESSIVE;
				GCC_WARN_UNUSED_FUNCTION = YES;
				GCC_WARN_UNUSED_VARIABLE = YES;
				IPHONEOS_DEPLOYMENT_TARGET = 13.2;
				MTL_ENABLE_DEBUG_INFO = NO;
				MTL_FAST_MATH = YES;
				SDKROOT = iphoneos;
				SWIFT_COMPILATION_MODE = wholemodule;
				SWIFT_OPTIMIZATION_LEVEL = "-O";
				VALIDATE_PRODUCT = YES;
			};
			name = Release;
		};
		A8A1488A237B485B003BF294 /* Debug */ = {
			isa = XCBuildConfiguration;
			buildSettings = {
				ASSETCATALOG_COMPILER_APPICON_NAME = AppIcon;
				CODE_SIGN_STYLE = Automatic;
				INFOPLIST_FILE = "$(SRCROOT)/OnTheMap/Support/Info.plist";
				LD_RUNPATH_SEARCH_PATHS = (
					"$(inherited)",
					"@executable_path/Frameworks",
				);
				PRODUCT_BUNDLE_IDENTIFIER = "com.udacity.On-The-Map";
				PRODUCT_NAME = OnTheMap;
				SWIFT_VERSION = 5.0;
				TARGETED_DEVICE_FAMILY = "1,2";
			};
			name = Debug;
		};
		A8A1488B237B485B003BF294 /* Release */ = {
			isa = XCBuildConfiguration;
			buildSettings = {
				ASSETCATALOG_COMPILER_APPICON_NAME = AppIcon;
				CODE_SIGN_STYLE = Automatic;
				INFOPLIST_FILE = "$(SRCROOT)/OnTheMap/Support/Info.plist";
				LD_RUNPATH_SEARCH_PATHS = (
					"$(inherited)",
					"@executable_path/Frameworks",
				);
				PRODUCT_BUNDLE_IDENTIFIER = "com.udacity.On-The-Map";
				PRODUCT_NAME = OnTheMap;
				SWIFT_VERSION = 5.0;
				TARGETED_DEVICE_FAMILY = "1,2";
			};
			name = Release;
		};
/* End XCBuildConfiguration section */

/* Begin XCConfigurationList section */
		A8A14870237B4857003BF294 /* Build configuration list for PBXProject "OnTheMap" */ = {
			isa = XCConfigurationList;
			buildConfigurations = (
				A8A14887237B485B003BF294 /* Debug */,
				A8A14888237B485B003BF294 /* Release */,
			);
			defaultConfigurationIsVisible = 0;
			defaultConfigurationName = Release;
		};
		A8A14889237B485B003BF294 /* Build configuration list for PBXNativeTarget "OnTheMap" */ = {
			isa = XCConfigurationList;
			buildConfigurations = (
				A8A1488A237B485B003BF294 /* Debug */,
				A8A1488B237B485B003BF294 /* Release */,
			);
			defaultConfigurationIsVisible = 0;
			defaultConfigurationName = Release;
		};
/* End XCConfigurationList section */
	};
	rootObject = A8A1486D237B4857003BF294 /* Project object */;
}
